
Microsoft Visual Studio Solution File, Format Version 12.00
# Visual Studio Version 17
VisualStudioVersion = 17.4.33103.184
MinimumVisualStudioVersion = 10.0.40219.1
Project("{FAE04EC0-301F-11D3-BF4B-00C04F79EFBC}") = "CustomerRegister", "CustomerRegister\CustomerRegister.csproj", "{4C191A28-01D8-4263-804D-4B1DF1EA82EB}"
EndProject
Global
	GlobalSection(SolutionConfigurationPlatforms) = preSolution
		Debug|Any CPU = Debug|Any CPU
		Release|Any CPU = Release|Any CPU
	EndGlobalSection
	GlobalSection(ProjectConfigurationPlatforms) = postSolution
		{4C191A28-01D8-4263-804D-4B1DF1EA82EB}.Debug|Any CPU.ActiveCfg = Debug|Any CPU
		{4C191A28-01D8-4263-804D-4B1DF1EA82EB}.Debug|Any CPU.Build.0 = Debug|Any CPU
		{4C191A28-01D8-4263-804D-4B1DF1EA82EB}.Release|Any CPU.ActiveCfg = Release|Any CPU
		{4C191A28-01D8-4263-804D-4B1DF1EA82EB}.Release|Any CPU.Build.0 = Release|Any CPU
	EndGlobalSection
	GlobalSection(SolutionProperties) = preSolution
		HideSolutionNode = FALSE
	EndGlobalSection
	GlobalSection(ExtensibilityGlobals) = postSolution
		SolutionGuid = {16777A4F-2731-4179-AE30-A8E38DAA50B7}
	EndGlobalSection
EndGlobal
